PODS:
  - AppRTC (1.0.3):
    - SocketRocket
    - WebRTC
  - SocketRocket (0.4.2)
  - WebRTC (60.9.18252)

DEPENDENCIES:
  - AppRTC (from `.`)

EXTERNAL SOURCES:
  AppRTC:
    :path: "."

SPEC CHECKSUMS:
  AppRTC: 8d67f9a09fd34d077239ba0ee53b6917afe1fa55
  SocketRocket: ffe08119b00ef982f6c37052a4705a057c8494ad
  WebRTC: a6688584e1021461de0fb08596e51709b81b376b

PODFILE CHECKSUM: a910c60c0925197564ffe5e18f72dffe70784744

COCOAPODS: 1.2.1
